
Microsoft Visual Studio Solution File, Format Version 12.00
# Visual Studio Express 2013 for Windows Desktop
VisualStudioVersion = 12.0.21005.1
MinimumVisualStudioVersion = 10.0.40219.1
Project("{8BC9CEB8-8B4A-11D0-8D11-00A0C91BC942}") = "glfw_test", "glfw_test.vcxproj", "{CF91B64E-DD83-492F-8BA2-43F9BDE9FE22}"
EndProject
Project("{8BC9CEB8-8B4A-11D0-8D11-00A0C91BC942}") = "glfw", "..\glfw-3.1\msvc\glfw.vcxproj", "{8AFEFC34-38EB-4EB7-9B16-153D4E9EE9CD}"
EndProject
Global
	GlobalSection(SolutionConfigurationPlatforms) = preSolution
		Debug|Win32 = Debug|Win32
		Release|Win32 = Release|Win32
	EndGlobalSection
	GlobalSection(ProjectConfigurationPlatforms) = postSolution
		{CF91B64E-DD83-492F-8BA2-43F9BDE9FE22}.Debug|Win32.ActiveCfg = Debug|Win32
		{CF91B64E-DD83-492F-8BA2-43F9BDE9FE22}.Debug|Win32.Build.0 = Debug|Win32
		{CF91B64E-DD83-492F-8BA2-43F9BDE9FE22}.Release|Win32.ActiveCfg = Release|Win32
		{CF91B64E-DD83-492F-8BA2-43F9BDE9FE22}.Release|Win32.Build.0 = Release|Win32
		{8AFEFC34-38EB-4EB7-9B16-153D4E9EE9CD}.Debug|Win32.ActiveCfg = Debug|Win32
		{8AFEFC34-38EB-4EB7-9B16-153D4E9EE9CD}.Debug|Win32.Build.0 = Debug|Win32
		{8AFEFC34-38EB-4EB7-9B16-153D4E9EE9CD}.Release|Win32.ActiveCfg = Release|Win32
		{8AFEFC34-38EB-4EB7-9B16-153D4E9EE9CD}.Release|Win32.Build.0 = Release|Win32
	EndGlobalSection
	GlobalSection(SolutionProperties) = preSolution
		HideSolutionNode = FALSE
	EndGlobalSection
EndGlobal
